// !$*UTF8*$!
{
	archiveVersion = 1;
	classes = {
	};
	objectVersion = 50;
	objects = {

/* Begin PBXBuildFile section */
		1AB8F1872356E5B900DED60C /* AppDelegate.swift in Sources */ = {isa = PBXBuildFile; fileRef = 1AB8F1862356E5B900DED60C /* AppDelegate.swift */; };
		1AB8F1892356E5BA00DED60C /* SceneDelegate.swift in Sources */ = {isa = PBXBuildFile; fileRef = 1AB8F1882356E5BA00DED60C /* SceneDelegate.swift */; };
		1AB8F18B2356E5BA00DED60C /* ViewController.swift in Sources */ = {isa = PBXBuildFile; fileRef = 1AB8F18A2356E5BA00DED60C /* ViewController.swift */; };
		1AB8F18E2356E5BA00DED60C /* Main.storyboard in Resources */ = {isa = PBXBuildFile; fileRef = 1AB8F18C2356E5BA00DED60C /* Main.storyboard */; };
		1AB8F1902356E5BB00DED60C /* Assets.xcassets in Resources */ = {isa = PBXBuildFile; fileRef = 1AB8F18F2356E5BB00DED60C /* Assets.xcassets */; };
		1AB8F1932356E5BB00DED60C /* LaunchScreen.storyboard in Resources */ = {isa = PBXBuildFile; fileRef = 1AB8F1912356E5BB00DED60C /* LaunchScreen.storyboard */; };
		1AB8F19E2356E5BB00DED60C /* testMenuNotificationTests.swift in Sources */ = {isa = PBXBuildFile; fileRef = 1AB8F19D2356E5BB00DED60C /* testMenuNotificationTests.swift */; };
		1AB8F1A92356E5BB00DED60C /* testMenuNotificationUITests.swift in Sources */ = {isa = PBXBuildFile; fileRef = 1AB8F1A82356E5BB00DED60C /* testMenuNotificationUITests.swift */; };
/* End PBXBuildFile section */

/* Begin PBXContainerItemProxy section */
		1AB8F19A2356E5BB00DED60C /* PBXContainerItemProxy */ = {
			isa = PBXContainerItemProxy;
			containerPortal = 1AB8F17B2356E5B900DED60C /* Project object */;
			proxyType = 1;
			remoteGlobalIDString = 1AB8F1822356E5B900DED60C;
			remoteInfo = testMenuNotification;
		};
		1AB8F1A52356E5BB00DED60C /* PBXContainerItemProxy */ = {
			isa = PBXContainerItemProxy;
			containerPortal = 1AB8F17B2356E5B900DED60C /* Project object */;
			proxyType = 1;
			remoteGlobalIDString = 1AB8F1822356E5B900DED60C;
			remoteInfo = testMenuNotification;
		};
/* End PBXContainerItemProxy section */

/* Begin PBXFileReference section */
		1AB8F1832356E5B900DED60C /* testMenuNotification.app */ = {isa = PBXFileReference; explicitFileType = wrapper.application; includeInIndex = 0; path = testMenuNotification.app; sourceTree = BUILT_PRODUCTS_DIR; };
		1AB8F1862356E5B900DED60C /* AppDelegate.swift */ = {isa = PBXFileReference; lastKnownFileType = sourcecode.swift; path = AppDelegate.swift; sourceTree = "<group>"; };
		1AB8F1882356E5BA00DED60C /* SceneDelegate.swift */ = {isa = PBXFileReference; lastKnownFileType = sourcecode.swift; path = SceneDelegate.swift; sourceTree = "<group>"; };
		1AB8F18A2356E5BA00DED60C /* ViewController.swift */ = {isa = PBXFileReference; lastKnownFileType = sourcecode.swift; path = ViewController.swift; sourceTree = "<group>"; };
		1AB8F18D2356E5BA00DED60C /* Base */ = {isa = PBXFileReference; lastKnownFileType = file.storyboard; name = Base; path = Base.lproj/Main.storyboard; sourceTree = "<group>"; };
		1AB8F18F2356E5BB00DED60C /* Assets.xcassets */ = {isa = PBXFileReference; lastKnownFileType = folder.assetcatalog; path = Assets.xcassets; sourceTree = "<group>"; };
		1AB8F1922356E5BB00DED60C /* Base */ = {isa = PBXFileReference; lastKnownFileType = file.storyboard; name = Base; path = Base.lproj/LaunchScreen.storyboard; sourceTree = "<group>"; };
		1AB8F1942356E5BB00DED60C /* Info.plist */ = {isa = PBXFileReference; lastKnownFileType = text.plist.xml; path = Info.plist; sourceTree = "<group>"; };
		1AB8F1992356E5BB00DED60C /* testMenuNotificationTests.xctest */ = {isa = PBXFileReference; explicitFileType = wrapper.cfbundle; includeInIndex = 0; path = testMenuNotificationTests.xctest; sourceTree = BUILT_PRODUCTS_DIR; };
		1AB8F19D2356E5BB00DED60C /* testMenuNotificationTests.swift */ = {isa = PBXFileReference; lastKnownFileType = sourcecode.swift; path = testMenuNotificationTests.swift; sourceTree = "<group>"; };
		1AB8F19F2356E5BB00DED60C /* Info.plist */ = {isa = PBXFileReference; lastKnownFileType = text.plist.xml; path = Info.plist; sourceTree = "<group>"; };
		1AB8F1A42356E5BB00DED60C /* testMenuNotificationUITests.xctest */ = {isa = PBXFileReference; explicitFileType = wrapper.cfbundle; includeInIndex = 0; path = testMenuNotificationUITests.xctest; sourceTree = BUILT_PRODUCTS_DIR; };
		1AB8F1A82356E5BB00DED60C /* testMenuNotificationUITests.swift */ = {isa = PBXFileReference; lastKnownFileType = sourcecode.swift; path = testMenuNotificationUITests.swift; sourceTree = "<group>"; };
		1AB8F1AA2356E5BB00DED60C /* Info.plist */ = {isa = PBXFileReference; lastKnownFileType = text.plist.xml; path = Info.plist; sourceTree = "<group>"; };
/* End PBXFileReference section */

/* Begin PBXFrameworksBuildPhase section */
		1AB8F1802356E5B900DED60C /* Frameworks */ = {
			isa = PBXFrameworksBuildPhase;
			buildActionMask = 2147483647;
			files = (
			);
			runOnlyForDeploymentPostprocessing = 0;
		};
		1AB8F1962356E5BB00DED60C /* Frameworks */ = {
			isa = PBXFrameworksBuildPhase;
			buildActionMask = 2147483647;
			files = (
			);
			runOnlyForDeploymentPostprocessing = 0;
		};
		1AB8F1A12356E5BB00DED60C /* Frameworks */ = {
			isa = PBXFrameworksBuildPhase;
			buildActionMask = 2147483647;
			files = (
			);
			runOnlyForDeploymentPostprocessing = 0;
		};
/* End PBXFrameworksBuildPhase section */

/* Begin PBXGroup section */
		1AB8F17A2356E5B900DED60C = {
			isa = PBXGroup;
			children = (
				1AB8F1852356E5B900DED60C /* testMenuNotification */,
				1AB8F19C2356E5BB00DED60C /* testMenuNotificationTests */,
				1AB8F1A72356E5BB00DED60C /* testMenuNotificationUITests */,
				1AB8F1842356E5B900DED60C /* Products */,
			);
			sourceTree = "<group>";
		};
		1AB8F1842356E5B900DED60C /* Products */ = {
			isa = PBXGroup;
			children = (
				1AB8F1832356E5B900DED60C /* testMenuNotification.app */,
				1AB8F1992356E5BB00DED60C /* testMenuNotificationTests.xctest */,
				1AB8F1A42356E5BB00DED60C /* testMenuNotificationUITests.xctest */,
			);
			name = Products;
			sourceTree = "<group>";
		};
		1AB8F1852356E5B900DED60C /* testMenuNotification */ = {
			isa = PBXGroup;
			children = (
				1AB8F1862356E5B900DED60C /* AppDelegate.swift */,
				1AB8F1882356E5BA00DED60C /* SceneDelegate.swift */,
				1AB8F18A2356E5BA00DED60C /* ViewController.swift */,
				1AB8F18C2356E5BA00DED60C /* Main.storyboard */,
				1AB8F18F2356E5BB00DED60C /* Assets.xcassets */,
				1AB8F1912356E5BB00DED60C /* LaunchScreen.storyboard */,
				1AB8F1942356E5BB00DED60C /* Info.plist */,
			);
			path = testMenuNotification;
			sourceTree = "<group>";
		};
		1AB8F19C2356E5BB00DED60C /* testMenuNotificationTests */ = {
			isa = PBXGroup;
			children = (
				1AB8F19D2356E5BB00DED60C /* testMenuNotificationTests.swift */,
				1AB8F19F2356E5BB00DED60C /* Info.plist */,
			);
			path = testMenuNotificationTests;
			sourceTree = "<group>";
		};
		1AB8F1A72356E5BB00DED60C /* testMenuNotificationUITests */ = {
			isa = PBXGroup;
			children = (
				1AB8F1A82356E5BB00DED60C /* testMenuNotificationUITests.swift */,
				1AB8F1AA2356E5BB00DED60C /* Info.plist */,
			);
			path = testMenuNotificationUITests;
			sourceTree = "<group>";
		};
/* End PBXGroup section */

/* Begin PBXNativeTarget section */
		1AB8F1822356E5B900DED60C /* testMenuNotification */ = {
			isa = PBXNativeTarget;
			buildConfigurationList = 1AB8F1AD2356E5BB00DED60C /* Build configuration list for PBXNativeTarget "testMenuNotification" */;
			buildPhases = (
				1AB8F17F2356E5B900DED60C /* Sources */,
				1AB8F1802356E5B900DED60C /* Frameworks */,
				1AB8F1812356E5B900DED60C /* Resources */,
			);
			buildRules = (
			);
			dependencies = (
			);
			name = testMenuNotification;
			productName = testMenuNotification;
			productReference = 1AB8F1832356E5B900DED60C /* testMenuNotification.app */;
			productType = "com.apple.product-type.application";
		};
		1AB8F1982356E5BB00DED60C /* testMenuNotificationTests */ = {
			isa = PBXNativeTarget;
			buildConfigurationList = 1AB8F1B02356E5BB00DED60C /* Build configuration list for PBXNativeTarget "testMenuNotificationTests" */;
			buildPhases = (
				1AB8F1952356E5BB00DED60C /* Sources */,
				1AB8F1962356E5BB00DED60C /* Frameworks */,
				1AB8F1972356E5BB00DED60C /* Resources */,
			);
			buildRules = (
			);
			dependencies = (
				1AB8F19B2356E5BB00DED60C /* PBXTargetDependency */,
			);
			name = testMenuNotificationTests;
			productName = testMenuNotificationTests;
			productReference = 1AB8F1992356E5BB00DED60C /* testMenuNotificationTests.xctest */;
			productType = "com.apple.product-type.bundle.unit-test";
		};
		1AB8F1A32356E5BB00DED60C /* testMenuNotificationUITests */ = {
			isa = PBXNativeTarget;
			buildConfigurationList = 1AB8F1B32356E5BB00DED60C /* Build configuration list for PBXNativeTarget "testMenuNotificationUITests" */;
			buildPhases = (
				1AB8F1A02356E5BB00DED60C /* Sources */,
				1AB8F1A12356E5BB00DED60C /* Frameworks */,
				1AB8F1A22356E5BB00DED60C /* Resources */,
			);
			buildRules = (
			);
			dependencies = (
				1AB8F1A62356E5BB00DED60C /* PBXTargetDependency */,
			);
			name = testMenuNotificationUITests;
			productName = testMenuNotificationUITests;
			productReference = 1AB8F1A42356E5BB00DED60C /* testMenuNotificationUITests.xctest */;
			productType = "com.apple.product-type.bundle.ui-testing";
		};
/* End PBXNativeTarget section */

/* Begin PBXProject section */
		1AB8F17B2356E5B900DED60C /* Project object */ = {
			isa = PBXProject;
			attributes = {
				LastSwiftUpdateCheck = 1110;
				LastUpgradeCheck = 1110;
				ORGANIZATIONNAME = "James Tang";
				TargetAttributes = {
					1AB8F1822356E5B900DED60C = {
						CreatedOnToolsVersion = 11.1;
					};
					1AB8F1982356E5BB00DED60C = {
						CreatedOnToolsVersion = 11.1;
						TestTargetID = 1AB8F1822356E5B900DED60C;
					};
					1AB8F1A32356E5BB00DED60C = {
						CreatedOnToolsVersion = 11.1;
						TestTargetID = 1AB8F1822356E5B900DED60C;
					};
				};
			};
			buildConfigurationList = 1AB8F17E2356E5B900DED60C /* Build configuration list for PBXProject "testMenuNotification" */;
			compatibilityVersion = "Xcode 9.3";
			developmentRegion = en;
			hasScannedForEncodings = 0;
			knownRegions = (
				en,
				Base,
			);
			mainGroup = 1AB8F17A2356E5B900DED60C;
			productRefGroup = 1AB8F1842356E5B900DED60C /* Products */;
			projectDirPath = "";
			projectRoot = "";
			targets = (
				1AB8F1822356E5B900DED60C /* testMenuNotification */,
				1AB8F1982356E5BB00DED60C /* testMenuNotificationTests */,
				1AB8F1A32356E5BB00DED60C /* testMenuNotificationUITests */,
			);
		};
/* End PBXProject section */

/* Begin PBXResourcesBuildPhase section */
		1AB8F1812356E5B900DED60C /* Resources */ = {
			isa = PBXResourcesBuildPhase;
			buildActionMask = 2147483647;
			files = (
				1AB8F1932356E5BB00DED60C /* LaunchScreen.storyboard in Resources */,
				1AB8F1902356E5BB00DED60C /* Assets.xcassets in Resources */,
				1AB8F18E2356E5BA00DED60C /* Main.storyboard in Resources */,
			);
			runOnlyForDeploymentPostprocessing = 0;
		};
		1AB8F1972356E5BB00DED60C /* Resources */ = {
			isa = PBXResourcesBuildPhase;
			buildActionMask = 2147483647;
			files = (
			);
			runOnlyForDeploymentPostprocessing = 0;
		};
		1AB8F1A22356E5BB00DED60C /* Resources */ = {
			isa = PBXResourcesBuildPhase;
			buildActionMask = 2147483647;
			files = (
			);
			runOnlyForDeploymentPostprocessing = 0;
		};
/* End PBXResourcesBuildPhase section */

/* Begin PBXSourcesBuildPhase section */
		1AB8F17F2356E5B900DED60C /* Sources */ = {
			isa = PBXSourcesBuildPhase;
			buildActionMask = 2147483647;
			files = (
				1AB8F18B2356E5BA00DED60C /* ViewController.swift in Sources */,
				1AB8F1872356E5B900DED60C /* AppDelegate.swift in Sources */,
				1AB8F1892356E5BA00DED60C /* SceneDelegate.swift in Sources */,
			);
			runOnlyForDeploymentPostprocessing = 0;
		};
		1AB8F1952356E5BB00DED60C /* Sources */ = {
			isa = PBXSourcesBuildPhase;
			buildActionMask = 2147483647;
			files = (
				1AB8F19E2356E5BB00DED60C /* testMenuNotificationTests.swift in Sources */,
			);
			runOnlyForDeploymentPostprocessing = 0;
		};
		1AB8F1A02356E5BB00DED60C /* Sources */ = {
			isa = PBXSourcesBuildPhase;
			buildActionMask = 2147483647;
			files = (
				1AB8F1A92356E5BB00DED60C /* testMenuNotificationUITests.swift in Sources */,
			);
			runOnlyForDeploymentPostprocessing = 0;
		};
/* End PBXSourcesBuildPhase section */

/* Begin PBXTargetDependency section */
		1AB8F19B2356E5BB00DED60C /* PBXTargetDependency */ = {
			isa = PBXTargetDependency;
			target = 1AB8F1822356E5B900DED60C /* testMenuNotification */;
			targetProxy = 1AB8F19A2356E5BB00DED60C /* PBXContainerItemProxy */;
		};
		1AB8F1A62356E5BB00DED60C /* PBXTargetDependency */ = {
			isa = PBXTargetDependency;
			target = 1AB8F1822356E5B900DED60C /* testMenuNotification */;
			targetProxy = 1AB8F1A52356E5BB00DED60C /* PBXContainerItemProxy */;
		};
/* End PBXTargetDependency section */

/* Begin PBXVariantGroup section */
		1AB8F18C2356E5BA00DED60C /* Main.storyboard */ = {
			isa = PBXVariantGroup;
			children = (
				1AB8F18D2356E5BA00DED60C /* Base */,
			);
			name = Main.storyboard;
			sourceTree = "<group>";
		};
		1AB8F1912356E5BB00DED60C /* LaunchScreen.storyboard */ = {
			isa = PBXVariantGroup;
			children = (
				1AB8F1922356E5BB00DED60C /* Base */,
			);
			name = LaunchScreen.storyboard;
			sourceTree = "<group>";
		};
/* End PBXVariantGroup section */

/* Begin XCBuildConfiguration section */
		1AB8F1AB2356E5BB00DED60C /* Debug */ = {
			isa = XCBuildConfiguration;
			buildSettings = {
				ALWAYS_SEARCH_USER_PATHS = NO;
				CLANG_ANALYZER_NONNULL = YES;
				CLANG_ANALYZER_NUMBER_OBJECT_CONVERSION = YES_AGGRESSIVE;
				CLANG_CXX_LANGUAGE_STANDARD = "gnu++14";
				CLANG_CXX_LIBRARY = "libc++";
				CLANG_ENABLE_MODULES = YES;
				CLANG_ENABLE_OBJC_ARC = YES;
				CLANG_ENABLE_OBJC_WEAK = YES;
				CLANG_WARN_BLOCK_CAPTURE_AUTORELEASING = YES;
				CLANG_WARN_BOOL_CONVERSION = YES;
				CLANG_WARN_COMMA = YES;
				CLANG_WARN_CONSTANT_CONVERSION = YES;
				CLANG_WARN_DEPRECATED_OBJC_IMPLEMENTATIONS = YES;
				CLANG_WARN_DIRECT_OBJC_ISA_USAGE = YES_ERROR;
				CLANG_WARN_DOCUMENTATION_COMMENTS = YES;
				CLANG_WARN_EMPTY_BODY = YES;
				CLANG_WARN_ENUM_CONVERSION = YES;
				CLANG_WARN_INFINITE_RECURSION = YES;
				CLANG_WARN_INT_CONVERSION = YES;
				CLANG_WARN_NON_LITERAL_NULL_CONVERSION = YES;
				CLANG_WARN_OBJC_IMPLICIT_RETAIN_SELF = YES;
				CLANG_WARN_OBJC_LITERAL_CONVERSION = YES;
				CLANG_WARN_OBJC_ROOT_CLASS = YES_ERROR;
				CLANG_WARN_RANGE_LOOP_ANALYSIS = YES;
				CLANG_WARN_STRICT_PROTOTYPES = YES;
				CLANG_WARN_SUSPICIOUS_MOVE = YES;
				CLANG_WARN_UNGUARDED_AVAILABILITY = YES_AGGRESSIVE;
				CLANG_WARN_UNREACHABLE_CODE = YES;
				CLANG_WARN__DUPLICATE_METHOD_MATCH = YES;
				COPY_PHASE_STRIP = NO;
				DEBUG_INFORMATION_FORMAT = dwarf;
				ENABLE_STRICT_OBJC_MSGSEND = YES;
				ENABLE_TESTABILITY = YES;
				GCC_C_LANGUAGE_STANDARD = gnu11;
				GCC_DYNAMIC_NO_PIC = NO;
				GCC_NO_COMMON_BLOCKS = YES;
				GCC_OPTIMIZATION_LEVEL = 0;
				GCC_PREPROCESSOR_DEFINITIONS = (
					"DEBUG=1",
					"$(inherited)",
				);
				GCC_WARN_64_TO_32_BIT_CONVERSION = YES;
				GCC_WARN_ABOUT_RETURN_TYPE = YES_ERROR;
				GCC_WARN_UNDECLARED_SELECTOR = YES;
				GCC_WARN_UNINITIALIZED_AUTOS = YES_AGGRESSIVE;
				GCC_WARN_UNUSED_FUNCTION = YES;
				GCC_WARN_UNUSED_VARIABLE = YES;
				IPHONEOS_DEPLOYMENT_TARGET = 13.1;
				MTL_ENABLE_DEBUG_INFO = INCLUDE_SOURCE;
				MTL_FAST_MATH = YES;
				ONLY_ACTIVE_ARCH = YES;
				SDKROOT = iphoneos;
				SWIFT_ACTIVE_COMPILATION_CONDITIONS = DEBUG;
				SWIFT_OPTIMIZATION_LEVEL = "-Onone";
			};
			name = Debug;
		};
		1AB8F1AC2356E5BB00DED60C /* Release */ = {
			isa = XCBuildConfiguration;
			buildSettings = {
				ALWAYS_SEARCH_USER_PATHS = NO;
				CLANG_ANALYZER_NONNULL = YES;
				CLANG_ANALYZER_NUMBER_OBJECT_CONVERSION = YES_AGGRESSIVE;
				CLANG_CXX_LANGUAGE_STANDARD = "gnu++14";
				CLANG_CXX_LIBRARY = "libc++";
				CLANG_ENABLE_MODULES = YES;
				CLANG_ENABLE_OBJC_ARC = YES;
				CLANG_ENABLE_OBJC_WEAK = YES;
				CLANG_WARN_BLOCK_CAPTURE_AUTORELEASING = YES;
				CLANG_WARN_BOOL_CONVERSION = YES;
				CLANG_WARN_COMMA = YES;
				CLANG_WARN_CONSTANT_CONVERSION = YES;
				CLANG_WARN_DEPRECATED_OBJC_IMPLEMENTATIONS = YES;
				CLANG_WARN_DIRECT_OBJC_ISA_USAGE = YES_ERROR;
				CLANG_WARN_DOCUMENTATION_COMMENTS = YES;
				CLANG_WARN_EMPTY_BODY = YES;
				CLANG_WARN_ENUM_CONVERSION = YES;
				CLANG_WARN_INFINITE_RECURSION = YES;
				CLANG_WARN_INT_CONVERSION = YES;
				CLANG_WARN_NON_LITERAL_NULL_CONVERSION = YES;
				CLANG_WARN_OBJC_IMPLICIT_RETAIN_SELF = YES;
				CLANG_WARN_OBJC_LITERAL_CONVERSION = YES;
				CLANG_WARN_OBJC_ROOT_CLASS = YES_ERROR;
				CLANG_WARN_RANGE_LOOP_ANALYSIS = YES;
				CLANG_WARN_STRICT_PROTOTYPES = YES;
				CLANG_WARN_SUSPICIOUS_MOVE = YES;
				CLANG_WARN_UNGUARDED_AVAILABILITY = YES_AGGRESSIVE;
				CLANG_WARN_UNREACHABLE_CODE = YES;
				CLANG_WARN__DUPLICATE_METHOD_MATCH = YES;
				COPY_PHASE_STRIP = NO;
				DEBUG_INFORMATION_FORMAT = "dwarf-with-dsym";
				ENABLE_NS_ASSERTIONS = NO;
				ENABLE_STRICT_OBJC_MSGSEND = YES;
				GCC_C_LANGUAGE_STANDARD = gnu11;
				GCC_NO_COMMON_BLOCKS = YES;
				GCC_WARN_64_TO_32_BIT_CONVERSION = YES;
				GCC_WARN_ABOUT_RETURN_TYPE = YES_ERROR;
				GCC_WARN_UNDECLARED_SELECTOR = YES;
				GCC_WARN_UNINITIALIZED_AUTOS = YES_AGGRESSIVE;
				GCC_WARN_UNUSED_FUNCTION = YES;
				GCC_WARN_UNUSED_VARIABLE = YES;
				IPHONEOS_DEPLOYMENT_TARGET = 13.1;
				MTL_ENABLE_DEBUG_INFO = NO;
				MTL_FAST_MATH = YES;
				SDKROOT = iphoneos;
				SWIFT_COMPILATION_MODE = wholemodule;
				SWIFT_OPTIMIZATION_LEVEL = "-O";
				VALIDATE_PRODUCT = YES;
			};
			name = Release;
		};
		1AB8F1AE2356E5BB00DED60C /* Debug */ = {
			isa = XCBuildConfiguration;
			buildSettings = {
				ASSETCATALOG_COMPILER_APPICON_NAME = AppIcon;
				CODE_SIGN_STYLE = Automatic;
				INFOPLIST_FILE = testMenuNotification/Info.plist;
				LD_RUNPATH_SEARCH_PATHS = (
					"$(inherited)",
					"@executable_path/Frameworks",
				);
				PRODUCT_BUNDLE_IDENTIFIER = com.goodnotes.testMenuNotification;
				PRODUCT_NAME = "$(TARGET_NAME)";
				SWIFT_VERSION = 5.0;
				TARGETED_DEVICE_FAMILY = "1,2";
			};
			name = Debug;
		};
		1AB8F1AF2356E5BB00DED60C /* Release */ = {
			isa = XCBuildConfiguration;
			buildSettings = {
				ASSETCATALOG_COMPILER_APPICON_NAME = AppIcon;
				CODE_SIGN_STYLE = Automatic;
				INFOPLIST_FILE = testMenuNotification/Info.plist;
				LD_RUNPATH_SEARCH_PATHS = (
					"$(inherited)",
					"@executable_path/Frameworks",
				);
				PRODUCT_BUNDLE_IDENTIFIER = com.goodnotes.testMenuNotification;
				PRODUCT_NAME = "$(TARGET_NAME)";
				SWIFT_VERSION = 5.0;
				TARGETED_DEVICE_FAMILY = "1,2";
			};
			name = Release;
		};
		1AB8F1B12356E5BB00DED60C /* Debug */ = {
			isa = XCBuildConfiguration;
			buildSettings = {
				ALWAYS_EMBED_SWIFT_STANDARD_LIBRARIES = YES;
				BUNDLE_LOADER = "$(TEST_HOST)";
				CODE_SIGN_STYLE = Automatic;
				INFOPLIST_FILE = testMenuNotificationTests/Info.plist;
				IPHONEOS_DEPLOYMENT_TARGET = 13.1;
				LD_RUNPATH_SEARCH_PATHS = (
					"$(inherited)",
					"@executable_path/Frameworks",
					"@loader_path/Frameworks",
				);
				PRODUCT_BUNDLE_IDENTIFIER = com.goodnotes.testMenuNotificationTests;
				PRODUCT_NAME = "$(TARGET_NAME)";
				SWIFT_VERSION = 5.0;
				TARGETED_DEVICE_FAMILY = "1,2";
				TEST_HOST = "$(BUILT_PRODUCTS_DIR)/testMenuNotification.app/testMenuNotification";
			};
			name = Debug;
		};
		1AB8F1B22356E5BB00DED60C /* Release */ = {
			isa = XCBuildConfiguration;
			buildSettings = {
				ALWAYS_EMBED_SWIFT_STANDARD_LIBRARIES = YES;
				BUNDLE_LOADER = "$(TEST_HOST)";
				CODE_SIGN_STYLE = Automatic;
				INFOPLIST_FILE = testMenuNotificationTests/Info.plist;
				IPHONEOS_DEPLOYMENT_TARGET = 13.1;
				LD_RUNPATH_SEARCH_PATHS = (
					"$(inherited)",
					"@executable_path/Frameworks",
					"@loader_path/Frameworks",
				);
				PRODUCT_BUNDLE_IDENTIFIER = com.goodnotes.testMenuNotificationTests;
				PRODUCT_NAME = "$(TARGET_NAME)";
				SWIFT_VERSION = 5.0;
				TARGETED_DEVICE_FAMILY = "1,2";
				TEST_HOST = "$(BUILT_PRODUCTS_DIR)/testMenuNotification.app/testMenuNotification";
			};
			name = Release;
		};
		1AB8F1B42356E5BB00DED60C /* Debug */ = {
			isa = XCBuildConfiguration;
			buildSettings = {
				ALWAYS_EMBED_SWIFT_STANDARD_LIBRARIES = YES;
				CODE_SIGN_STYLE = Automatic;
				INFOPLIST_FILE = testMenuNotificationUITests/Info.plist;
				LD_RUNPATH_SEARCH_PATHS = (
					"$(inherited)",
					"@executable_path/Frameworks",
					"@loader_path/Frameworks",
				);
				PRODUCT_BUNDLE_IDENTIFIER = com.goodnotes.testMenuNotificationUITests;
				PRODUCT_NAME = "$(TARGET_NAME)";
				SWIFT_VERSION = 5.0;
				TARGETED_DEVICE_FAMILY = "1,2";
				TEST_TARGET_NAME = testMenuNotification;
			};
			name = Debug;
		};
		1AB8F1B52356E5BB00DED60C /* Release */ = {
			isa = XCBuildConfiguration;
			buildSettings = {
				ALWAYS_EMBED_SWIFT_STANDARD_LIBRARIES = YES;
				CODE_SIGN_STYLE = Automatic;
				INFOPLIST_FILE = testMenuNotificationUITests/Info.plist;
				LD_RUNPATH_SEARCH_PATHS = (
					"$(inherited)",
					"@executable_path/Frameworks",
					"@loader_path/Frameworks",
				);
				PRODUCT_BUNDLE_IDENTIFIER = com.goodnotes.testMenuNotificationUITests;
				PRODUCT_NAME = "$(TARGET_NAME)";
				SWIFT_VERSION = 5.0;
				TARGETED_DEVICE_FAMILY = "1,2";
				TEST_TARGET_NAME = testMenuNotification;
			};
			name = Release;
		};
/* End XCBuildConfiguration section */

/* Begin XCConfigurationList section */
		1AB8F17E2356E5B900DED60C /* Build configuration list for PBXProject "testMenuNotification" */ = {
			isa = XCConfigurationList;
			buildConfigurations = (
				1AB8F1AB2356E5BB00DED60C /* Debug */,
				1AB8F1AC2356E5BB00DED60C /* Release */,
			);
			defaultConfigurationIsVisible = 0;
			defaultConfigurationName = Release;
		};
		1AB8F1AD2356E5BB00DED60C /* Build configuration list for PBXNativeTarget "testMenuNotification" */ = {
			isa = XCConfigurationList;
			buildConfigurations = (
				1AB8F1AE2356E5BB00DED60C /* Debug */,
				1AB8F1AF2356E5BB00DED60C /* Release */,
			);
			defaultConfigurationIsVisible = 0;
			defaultConfigurationName = Release;
		};
		1AB8F1B02356E5BB00DED60C /* Build configuration list for PBXNativeTarget "testMenuNotificationTests" */ = {
			isa = XCConfigurationList;
			buildConfigurations = (
				1AB8F1B12356E5BB00DED60C /* Debug */,
				1AB8F1B22356E5BB00DED60C /* Release */,
			);
			defaultConfigurationIsVisible = 0;
			defaultConfigurationName = Release;
		};
		1AB8F1B32356E5BB00DED60C /* Build configuration list for PBXNativeTarget "testMenuNotificationUITests" */ = {
			isa = XCConfigurationList;
			buildConfigurations = (
				1AB8F1B42356E5BB00DED60C /* Debug */,
				1AB8F1B52356E5BB00DED60C /* Release */,
			);
			defaultConfigurationIsVisible = 0;
			defaultConfigurationName = Release;
		};
/* End XCConfigurationList section */
	};
	rootObject = 1AB8F17B2356E5B900DED60C /* Project object */;
}
